# THIS IS AN AUTOGENERATED FILE. DO NOT EDIT THIS FILE DIRECTLY.
# yarn lockfile v1


"@fullcalendar/adaptive@^5.10.1":
  version "5.10.1"
  resolved "https://registry.yarnpkg.com/@fullcalendar/adaptive/-/adaptive-5.10.1.tgz#4bfe50da38dfa7ef50f4af73fa6a983202d11165"
  integrity sha512-Dg+v+nYZKqQ9vhn+z46VhIZ5+OujHBj7ufkZv2Tj0Q1DIdt2sMxMvF/u9WKBru1GCqXuTtGtjiMXLMpL/ZpSRA==
  dependencies:
    "@fullcalendar/common" "~5.10.1"
    "@fullcalendar/premium-common" "~5.10.1"
    tslib "^2.1.0"

"@fullcalendar/common@~5.10.1":
  version "5.10.1"
  resolved "https://registry.yarnpkg.com/@fullcalendar/common/-/common-5.10.1.tgz#a019951743852277a4095e536fd7716f6f85b9aa"
  integrity sha512-EumKIJcQTvQdTs75/9dmeREFgjcRVWzqHJS1Xvlz5mNsmB+w9EINCHETRjChtAQg1WD/lTQyVj4sHsKO7vCMSw==
  dependencies:
    tslib "^2.1.0"

"@fullcalendar/core@^5.10.1":
  version "5.10.1"
  resolved "https://registry.yarnpkg.com/@fullcalendar/core/-/core-5.10.1.tgz#05c7653e5004149a63bcb03e9dc8b049186ca50b"
  integrity sha512-8sVuC6ywXV+cxqsqTZaR1hgUqeyjVed20NyZ7lGW9AY0kma1GIEwLgqPS5Q6uVhHyin68lmgecKfJCwhxENE8w==
  dependencies:
    "@fullcalendar/common" "~5.10.1"
    preact "^10.0.5"
    tslib "^2.1.0"

"@fullcalendar/daygrid@^5.10.1", "@fullcalendar/daygrid@~5.10.1":
  version "5.10.1"
  resolved "https://registry.yarnpkg.com/@fullcalendar/daygrid/-/daygrid-5.10.1.tgz#bdee4f58364fdab631b2abf8b56094ab5776f203"
  integrity sha512-sfUMP+rew0krsBffgNcWWKhBCiyytGfRKZJoc64E8ohX7VWjPcPZuB1xgO5U4wPLmNkT0rZiHoGeQGTXw1+ZKg==
  dependencies:
    "@fullcalendar/common" "~5.10.1"
    tslib "^2.1.0"

"@fullcalendar/interaction@^5.10.1":
  version "5.10.1"
  resolved "https://registry.yarnpkg.com/@fullcalendar/interaction/-/interaction-5.10.1.tgz#dfa74b5c50bbd5608eb50aeab6e579c8d20cb367"
  integrity sha512-H1g1QeXg7yXtUcKmVtfg7uzm5R5ElFTvYniiXU+8kJda69IDg7Lee+Y7UDv5dvLb5/HxO86RhPVxRtcOQ8XdXw==
  dependencies:
    "@fullcalendar/common" "~5.10.1"
    tslib "^2.1.0"

"@fullcalendar/list@^5.10.1":
  version "5.10.1"
  resolved "https://registry.yarnpkg.com/@fullcalendar/list/-/list-5.10.1.tgz#8505aae09845b82f5bdb6251bda0f9d6342ef9d9"
  integrity sha512-sB+AzM9P1nzGIzwVFNN8Zbocg5lkVQftyuJAZtULgu9o9e1rH/Aqsxt9Itf00N3WmMOh8H1LlnRpZF5kGu/j2w==
  dependencies:
    "@fullcalendar/common" "~5.10.1"
    tslib "^2.1.0"

"@fullcalendar/premium-common@~5.10.1":
  version "5.10.1"
  resolved "https://registry.yarnpkg.com/@fullcalendar/premium-common/-/premium-common-5.10.1.tgz#47d26406e926317fd45919c0f52ce6cc02a17baf"
  integrity sha512-yOZgtVI/7tt1oeQABLQqTNLEv2YpxbE0ywvQ+VwtrKc5LksmUA2czO4peom1KIAwH6JsZnytpvwQ4k4cP8Ivaw==
  dependencies:
    "@fullcalendar/common" "~5.10.1"
    tslib "^2.1.0"

"@fullcalendar/resource-common@^5.10.1", "@fullcalendar/resource-common@~5.10.1":
  version "5.10.1"
  resolved "https://registry.yarnpkg.com/@fullcalendar/resource-common/-/resource-common-5.10.1.tgz#4f6925c665b056dd8d6e9b04d64153f2094e0f85"
  integrity sha512-20JR8cucAeJEXSbWVSj9USwsPGKb3dVQr8CBiXuHPbD0OLK93j7jhKjBlp/pRldtcJW9mIXC8ENQvw/aNZJ9Cw==
  dependencies:
    "@fullcalendar/common" "~5.10.1"
    "@fullcalendar/premium-common" "~5.10.1"
    tslib "^2.1.0"

"@fullcalendar/resource-timeline@^5.10.1":
  version "5.10.1"
  resolved "https://registry.yarnpkg.com/@fullcalendar/resource-timeline/-/resource-timeline-5.10.1.tgz#a16839b4f09fb85441e6b074cbc7038622da808f"
  integrity sha512-gsqjr6Z+LQcNbQlHgaTtg/kF8l6yDRtIuMQbhFlTy71RJI//x2mHhLXgV40FJeEE+srp48xJPd89+rIhlyJ5Tw==
  dependencies:
    "@fullcalendar/common" "~5.10.1"
    "@fullcalendar/premium-common" "~5.10.1"
    "@fullcalendar/resource-common" "~5.10.1"
    "@fullcalendar/scrollgrid" "~5.10.1"
    "@fullcalendar/timeline" "~5.10.1"
    tslib "^2.1.0"

"@fullcalendar/scrollgrid@~5.10.1":
  version "5.10.1"
  resolved "https://registry.yarnpkg.com/@fullcalendar/scrollgrid/-/scrollgrid-5.10.1.tgz#808a5173d519ca0f7cc6014f3301cb3cbf5617e5"
  integrity sha512-Hj6gzj2/sUUnozIMC0GBK60/ZTeDchp/Gc2S4F+05W6V4BoUXbIwav+EdAerfNFOv7EXWa9vM9Lq3A53iVWFVg==
  dependencies:
    "@fullcalendar/common" "~5.10.1"
    "@fullcalendar/premium-common" "~5.10.1"
    tslib "^2.1.0"

"@fullcalendar/timegrid@^5.10.1":
  version "5.10.1"
  resolved "https://registry.yarnpkg.com/@fullcalendar/timegrid/-/timegrid-5.10.1.tgz#fa7feb909bf599eac1466b9e70c0d56ce0d1aefc"
  integrity sha512-0O0m+JzFBlg8gxYr/rIjZViRlbndCtjZlDjjIylQHFBeWC32e3cpHEavKGbTIBLN8SDilUYAJnE21abSqC2G/w==
  dependencies:
    "@fullcalendar/common" "~5.10.1"
    "@fullcalendar/daygrid" "~5.10.1"
    tslib "^2.1.0"

"@fullcalendar/timeline@~5.10.1":
  version "5.10.1"
  resolved "https://registry.yarnpkg.com/@fullcalendar/timeline/-/timeline-5.10.1.tgz#a422040b6ee517904509f26b59309dda5f9f9bf9"
  integrity sha512-pFMhK4nsCvpsA63GPJQtT1RSS2OLlT9a2+fvsf2oQregBLcottJSlCjIsIuKP7hpQLimaSdLr2kNjh5hs8jKlw==
  dependencies:
    "@fullcalendar/common" "~5.10.1"
    "@fullcalendar/premium-common" "~5.10.1"
    "@fullcalendar/scrollgrid" "~5.10.1"
    tslib "^2.1.0"

base64-arraybuffer@^0.2.0:
  version "0.2.0"
  resolved "https://registry.yarnpkg.com/base64-arraybuffer/-/base64-arraybuffer-0.2.0.tgz#4b944fac0191aa5907afe2d8c999ccc57ce80f45"
  integrity sha512-7emyCsu1/xiBXgQZrscw/8KPRT44I4Yq9Pe6EGs3aPRTsWuggML1/1DTuZUuIaJPIm1FTDUVXl4x/yW8s0kQDQ==

base64-arraybuffer@^1.0.1:
  version "1.0.1"
  resolved "https://registry.yarnpkg.com/base64-arraybuffer/-/base64-arraybuffer-1.0.1.tgz#87bd13525626db4a9838e00a508c2b73efcf348c"
  integrity sha512-vFIUq7FdLtjZMhATwDul5RZWv2jpXQ09Pd6jcVEOvIsqCWTRFD/ONHNfyOS8dA/Ippi5dsIgpyKWKZaAKZltbA==

css-line-break@2.0.1:
  version "2.0.1"
  resolved "https://registry.yarnpkg.com/css-line-break/-/css-line-break-2.0.1.tgz#3dc74c2ed5eb64211480281932475790243e7338"
  integrity sha512-gwKYIMUn7xodIcb346wgUhE2Dt5O1Kmrc16PWi8sL4FTfyDj8P5095rzH7+O8CTZudJr+uw2GCI/hwEkDJFI2w==
  dependencies:
    base64-arraybuffer "^0.2.0"

html2canvas@^1.1.4:
  version "1.3.2"
  resolved "https://registry.yarnpkg.com/html2canvas/-/html2canvas-1.3.2.tgz#951cc8388a3ce939fdac02131007ee28124afc27"
  integrity sha512-4+zqv87/a1LsaCrINV69wVLGG8GBZcYBboz1JPWEgiXcWoD9kroLzccsBRU/L9UlfV2MAZ+3J92U9IQPVMDeSQ==
  dependencies:
    css-line-break "2.0.1"
    text-segmentation "^1.0.2"

onscan.js@^1.5.2:
  version "1.5.2"
  resolved "https://registry.yarnpkg.com/onscan.js/-/onscan.js-1.5.2.tgz#14ed636e5f4c3f0a78bacbf9a505dad3140ee341"
  integrity sha512-9oGYy2gXYRjvXO9GYqqVca0VuCTAmWhbmX3egBSBP13rXiMNb+dKPJzKFEeECGqPBpf0m40Zoo+GUQ7eCackdw==

preact@^10.0.5:
  version "10.5.15"
  resolved "https://registry.yarnpkg.com/preact/-/preact-10.5.15.tgz#6df94d8afecf3f9e10a742fd8c362ddab464225f"
  integrity sha512-5chK29n6QcJc3m1lVrKQSQ+V7K1Gb8HeQY6FViQ5AxCAEGu3DaHffWNDkC9+miZgsLvbvU9rxbV1qinGHMHzqA==

text-segmentation@^1.0.2:
  version "1.0.2"
  resolved "https://registry.yarnpkg.com/text-segmentation/-/text-segmentation-1.0.2.tgz#1f828fa14aa101c114ded1bda35ba7dcc17c9858"
  integrity sha512-uTqvLxdBrVnx/CFQOtnf8tfzSXFm+1Qxau7Xi54j4OPTZokuDOX8qncQzrg2G8ZicAMOM8TgzFAYTb+AqNO4Cw==
  dependencies:
    utrie "^1.0.1"

tslib@^2.1.0:
  version "2.3.1"
  resolved "https://registry.yarnpkg.com/tslib/-/tslib-2.3.1.tgz#e8a335add5ceae51aa261d32a490158ef042ef01"
  integrity sha512-77EbyPPpMz+FRFRuAFlWMtmgUWGe9UOG2Z25NqCwiIjRhOf5iKGuzSe5P2w1laq+FkRy4p+PCuVkJSGkzTEKVw==

utrie@^1.0.1:
  version "1.0.1"
  resolved "https://registry.yarnpkg.com/utrie/-/utrie-1.0.1.tgz#e155235ebcbddc89ae09261ab6e773ce61401b2f"
  integrity sha512-JPaDXF3vzgZxfeEwutdGzlrNoVFL5UvZcbO6Qo9D4GoahrieUPoMU8GCpVpR7MQqcKhmShIh8VlbEN3PLM3EBg==
  dependencies:
    base64-arraybuffer "^1.0.1"
